// !$*UTF8*$!
{
	archiveVersion = 1;
	classes = {
	};
	objectVersion = 50;
	objects = {

/* Begin PBXBuildFile section */
		D43D3DF2221FCD3F00F8C718 /* AppDelegate.swift in Sources */ = {isa = PBXBuildFile; fileRef = D43D3DF1221FCD3F00F8C718 /* AppDelegate.swift */; };
		D43D3DF4221FCD3F00F8C718 /* ViewController.swift in Sources */ = {isa = PBXBuildFile; fileRef = D43D3DF3221FCD3F00F8C718 /* ViewController.swift */; };
		D43D3DF7221FCD3F00F8C718 /* Main.storyboard in Resources */ = {isa = PBXBuildFile; fileRef = D43D3DF5221FCD3F00F8C718 /* Main.storyboard */; };
		D43D3DF9221FCD4000F8C718 /* Assets.xcassets in Resources */ = {isa = PBXBuildFile; fileRef = D43D3DF8221FCD4000F8C718 /* Assets.xcassets */; };
		D43D3DFC221FCD4000F8C718 /* LaunchScreen.storyboard in Resources */ = {isa = PBXBuildFile; fileRef = D43D3DFA221FCD4000F8C718 /* LaunchScreen.storyboard */; };
		D43D3E07221FCD4000F8C718 /* MoviesTests.swift in Sources */ = {isa = PBXBuildFile; fileRef = D43D3E06221FCD4000F8C718 /* MoviesTests.swift */; };
		D43D3E12221FCD4000F8C718 /* MoviesUITests.swift in Sources */ = {isa = PBXBuildFile; fileRef = D43D3E11221FCD4000F8C718 /* MoviesUITests.swift */; };
		D43D3E20221FDD1000F8C718 /* MoviesTableViewCell.swift in Sources */ = {isa = PBXBuildFile; fileRef = D43D3E1F221FDD1000F8C718 /* MoviesTableViewCell.swift */; };
/* End PBXBuildFile section */

/* Begin PBXContainerItemProxy section */
		D43D3E03221FCD4000F8C718 /* PBXContainerItemProxy */ = {
			isa = PBXContainerItemProxy;
			containerPortal = D43D3DE6221FCD3F00F8C718 /* Project object */;
			proxyType = 1;
			remoteGlobalIDString = D43D3DED221FCD3F00F8C718;
			remoteInfo = Movies;
		};
		D43D3E0E221FCD4000F8C718 /* PBXContainerItemProxy */ = {
			isa = PBXContainerItemProxy;
			containerPortal = D43D3DE6221FCD3F00F8C718 /* Project object */;
			proxyType = 1;
			remoteGlobalIDString = D43D3DED221FCD3F00F8C718;
			remoteInfo = Movies;
		};
/* End PBXContainerItemProxy section */

/* Begin PBXFileReference section */
		D43D3DEE221FCD3F00F8C718 /* Movies.app */ = {isa = PBXFileReference; explicitFileType = wrapper.application; includeInIndex = 0; path = Movies.app; sourceTree = BUILT_PRODUCTS_DIR; };
		D43D3DF1221FCD3F00F8C718 /* AppDelegate.swift */ = {isa = PBXFileReference; lastKnownFileType = sourcecode.swift; path = AppDelegate.swift; sourceTree = "<group>"; };
		D43D3DF3221FCD3F00F8C718 /* ViewController.swift */ = {isa = PBXFileReference; lastKnownFileType = sourcecode.swift; path = ViewController.swift; sourceTree = "<group>"; };
		D43D3DF6221FCD3F00F8C718 /* Base */ = {isa = PBXFileReference; lastKnownFileType = file.storyboard; name = Base; path = Base.lproj/Main.storyboard; sourceTree = "<group>"; };
		D43D3DF8221FCD4000F8C718 /* Assets.xcassets */ = {isa = PBXFileReference; lastKnownFileType = folder.assetcatalog; path = Assets.xcassets; sourceTree = "<group>"; };
		D43D3DFB221FCD4000F8C718 /* Base */ = {isa = PBXFileReference; lastKnownFileType = file.storyboard; name = Base; path = Base.lproj/LaunchScreen.storyboard; sourceTree = "<group>"; };
		D43D3DFD221FCD4000F8C718 /* Info.plist */ = {isa = PBXFileReference; lastKnownFileType = text.plist.xml; path = Info.plist; sourceTree = "<group>"; };
		D43D3E02221FCD4000F8C718 /* MoviesTests.xctest */ = {isa = PBXFileReference; explicitFileType = wrapper.cfbundle; includeInIndex = 0; path = MoviesTests.xctest; sourceTree = BUILT_PRODUCTS_DIR; };
		D43D3E06221FCD4000F8C718 /* MoviesTests.swift */ = {isa = PBXFileReference; lastKnownFileType = sourcecode.swift; path = MoviesTests.swift; sourceTree = "<group>"; };
		D43D3E08221FCD4000F8C718 /* Info.plist */ = {isa = PBXFileReference; lastKnownFileType = text.plist.xml; path = Info.plist; sourceTree = "<group>"; };
		D43D3E0D221FCD4000F8C718 /* MoviesUITests.xctest */ = {isa = PBXFileReference; explicitFileType = wrapper.cfbundle; includeInIndex = 0; path = MoviesUITests.xctest; sourceTree = BUILT_PRODUCTS_DIR; };
		D43D3E11221FCD4000F8C718 /* MoviesUITests.swift */ = {isa = PBXFileReference; lastKnownFileType = sourcecode.swift; path = MoviesUITests.swift; sourceTree = "<group>"; };
		D43D3E13221FCD4000F8C718 /* Info.plist */ = {isa = PBXFileReference; lastKnownFileType = text.plist.xml; path = Info.plist; sourceTree = "<group>"; };
		D43D3E1F221FDD1000F8C718 /* MoviesTableViewCell.swift */ = {isa = PBXFileReference; lastKnownFileType = sourcecode.swift; path = MoviesTableViewCell.swift; sourceTree = "<group>"; };
/* End PBXFileReference section */

/* Begin PBXFrameworksBuildPhase section */
		D43D3DEB221FCD3F00F8C718 /* Frameworks */ = {
			isa = PBXFrameworksBuildPhase;
			buildActionMask = 2147483647;
			files = (
			);
			runOnlyForDeploymentPostprocessing = 0;
		};
		D43D3DFF221FCD4000F8C718 /* Frameworks */ = {
			isa = PBXFrameworksBuildPhase;
			buildActionMask = 2147483647;
			files = (
			);
			runOnlyForDeploymentPostprocessing = 0;
		};
		D43D3E0A221FCD4000F8C718 /* Frameworks */ = {
			isa = PBXFrameworksBuildPhase;
			buildActionMask = 2147483647;
			files = (
			);
			runOnlyForDeploymentPostprocessing = 0;
		};
/* End PBXFrameworksBuildPhase section */

/* Begin PBXGroup section */
		D43D3DE5221FCD3F00F8C718 = {
			isa = PBXGroup;
			children = (
				D43D3DF0221FCD3F00F8C718 /* Movies */,
				D43D3E05221FCD4000F8C718 /* MoviesTests */,
				D43D3E10221FCD4000F8C718 /* MoviesUITests */,
				D43D3DEF221FCD3F00F8C718 /* Products */,
			);
			sourceTree = "<group>";
		};
		D43D3DEF221FCD3F00F8C718 /* Products */ = {
			isa = PBXGroup;
			children = (
				D43D3DEE221FCD3F00F8C718 /* Movies.app */,
				D43D3E02221FCD4000F8C718 /* MoviesTests.xctest */,
				D43D3E0D221FCD4000F8C718 /* MoviesUITests.xctest */,
			);
			name = Products;
			sourceTree = "<group>";
		};
		D43D3DF0221FCD3F00F8C718 /* Movies */ = {
			isa = PBXGroup;
			children = (
				D43D3DF1221FCD3F00F8C718 /* AppDelegate.swift */,
				D43D3DF3221FCD3F00F8C718 /* ViewController.swift */,
				D43D3DF5221FCD3F00F8C718 /* Main.storyboard */,
				D43D3DF8221FCD4000F8C718 /* Assets.xcassets */,
				D43D3DFA221FCD4000F8C718 /* LaunchScreen.storyboard */,
				D43D3DFD221FCD4000F8C718 /* Info.plist */,
				D43D3E1F221FDD1000F8C718 /* MoviesTableViewCell.swift */,
			);
			path = Movies;
			sourceTree = "<group>";
		};
		D43D3E05221FCD4000F8C718 /* MoviesTests */ = {
			isa = PBXGroup;
			children = (
				D43D3E06221FCD4000F8C718 /* MoviesTests.swift */,
				D43D3E08221FCD4000F8C718 /* Info.plist */,
			);
			path = MoviesTests;
			sourceTree = "<group>";
		};
		D43D3E10221FCD4000F8C718 /* MoviesUITests */ = {
			isa = PBXGroup;
			children = (
				D43D3E11221FCD4000F8C718 /* MoviesUITests.swift */,
				D43D3E13221FCD4000F8C718 /* Info.plist */,
			);
			path = MoviesUITests;
			sourceTree = "<group>";
		};
/* End PBXGroup section */

/* Begin PBXNativeTarget section */
		D43D3DED221FCD3F00F8C718 /* Movies */ = {
			isa = PBXNativeTarget;
			buildConfigurationList = D43D3E16221FCD4000F8C718 /* Build configuration list for PBXNativeTarget "Movies" */;
			buildPhases = (
				D43D3DEA221FCD3F00F8C718 /* Sources */,
				D43D3DEB221FCD3F00F8C718 /* Frameworks */,
				D43D3DEC221FCD3F00F8C718 /* Resources */,
			);
			buildRules = (
			);
			dependencies = (
			);
			name = Movies;
			productName = Movies;
			productReference = D43D3DEE221FCD3F00F8C718 /* Movies.app */;
			productType = "com.apple.product-type.application";
		};
		D43D3E01221FCD4000F8C718 /* MoviesTests */ = {
			isa = PBXNativeTarget;
			buildConfigurationList = D43D3E19221FCD4000F8C718 /* Build configuration list for PBXNativeTarget "MoviesTests" */;
			buildPhases = (
				D43D3DFE221FCD4000F8C718 /* Sources */,
				D43D3DFF221FCD4000F8C718 /* Frameworks */,
				D43D3E00221FCD4000F8C718 /* Resources */,
			);
			buildRules = (
			);
			dependencies = (
				D43D3E04221FCD4000F8C718 /* PBXTargetDependency */,
			);
			name = MoviesTests;
			productName = MoviesTests;
			productReference = D43D3E02221FCD4000F8C718 /* MoviesTests.xctest */;
			productType = "com.apple.product-type.bundle.unit-test";
		};
		D43D3E0C221FCD4000F8C718 /* MoviesUITests */ = {
			isa = PBXNativeTarget;
			buildConfigurationList = D43D3E1C221FCD4000F8C718 /* Build configuration list for PBXNativeTarget "MoviesUITests" */;
			buildPhases = (
				D43D3E09221FCD4000F8C718 /* Sources */,
				D43D3E0A221FCD4000F8C718 /* Frameworks */,
				D43D3E0B221FCD4000F8C718 /* Resources */,
			);
			buildRules = (
			);
			dependencies = (
				D43D3E0F221FCD4000F8C718 /* PBXTargetDependency */,
			);
			name = MoviesUITests;
			productName = MoviesUITests;
			productReference = D43D3E0D221FCD4000F8C718 /* MoviesUITests.xctest */;
			productType = "com.apple.product-type.bundle.ui-testing";
		};
/* End PBXNativeTarget section */

/* Begin PBXProject section */
		D43D3DE6221FCD3F00F8C718 /* Project object */ = {
			isa = PBXProject;
			attributes = {
				LastSwiftUpdateCheck = 1010;
				LastUpgradeCheck = 1010;
				ORGANIZATIONNAME = "Shimaa Hassan";
				TargetAttributes = {
					D43D3DED221FCD3F00F8C718 = {
						CreatedOnToolsVersion = 10.1;
					};
					D43D3E01221FCD4000F8C718 = {
						CreatedOnToolsVersion = 10.1;
						TestTargetID = D43D3DED221FCD3F00F8C718;
					};
					D43D3E0C221FCD4000F8C718 = {
						CreatedOnToolsVersion = 10.1;
						TestTargetID = D43D3DED221FCD3F00F8C718;
					};
				};
			};
			buildConfigurationList = D43D3DE9221FCD3F00F8C718 /* Build configuration list for PBXProject "Movies" */;
			compatibilityVersion = "Xcode 9.3";
			developmentRegion = en;
			hasScannedForEncodings = 0;
			knownRegions = (
				en,
				Base,
			);
			mainGroup = D43D3DE5221FCD3F00F8C718;
			productRefGroup = D43D3DEF221FCD3F00F8C718 /* Products */;
			projectDirPath = "";
			projectRoot = "";
			targets = (
				D43D3DED221FCD3F00F8C718 /* Movies */,
				D43D3E01221FCD4000F8C718 /* MoviesTests */,
				D43D3E0C221FCD4000F8C718 /* MoviesUITests */,
			);
		};
/* End PBXProject section */

/* Begin PBXResourcesBuildPhase section */
		D43D3DEC221FCD3F00F8C718 /* Resources */ = {
			isa = PBXResourcesBuildPhase;
			buildActionMask = 2147483647;
			files = (
				D43D3DFC221FCD4000F8C718 /* LaunchScreen.storyboard in Resources */,
				D43D3DF9221FCD4000F8C718 /* Assets.xcassets in Resources */,
				D43D3DF7221FCD3F00F8C718 /* Main.storyboard in Resources */,
			);
			runOnlyForDeploymentPostprocessing = 0;
		};
		D43D3E00221FCD4000F8C718 /* Resources */ = {
			isa = PBXResourcesBuildPhase;
			buildActionMask = 2147483647;
			files = (
			);
			runOnlyForDeploymentPostprocessing = 0;
		};
		D43D3E0B221FCD4000F8C718 /* Resources */ = {
			isa = PBXResourcesBuildPhase;
			buildActionMask = 2147483647;
			files = (
			);
			runOnlyForDeploymentPostprocessing = 0;
		};
/* End PBXResourcesBuildPhase section */

/* Begin PBXSourcesBuildPhase section */
		D43D3DEA221FCD3F00F8C718 /* Sources */ = {
			isa = PBXSourcesBuildPhase;
			buildActionMask = 2147483647;
			files = (
				D43D3E20221FDD1000F8C718 /* MoviesTableViewCell.swift in Sources */,
				D43D3DF4221FCD3F00F8C718 /* ViewController.swift in Sources */,
				D43D3DF2221FCD3F00F8C718 /* AppDelegate.swift in Sources */,
			);
			runOnlyForDeploymentPostprocessing = 0;
		};
		D43D3DFE221FCD4000F8C718 /* Sources */ = {
			isa = PBXSourcesBuildPhase;
			buildActionMask = 2147483647;
			files = (
				D43D3E07221FCD4000F8C718 /* MoviesTests.swift in Sources */,
			);
			runOnlyForDeploymentPostprocessing = 0;
		};
		D43D3E09221FCD4000F8C718 /* Sources */ = {
			isa = PBXSourcesBuildPhase;
			buildActionMask = 2147483647;
			files = (
				D43D3E12221FCD4000F8C718 /* MoviesUITests.swift in Sources */,
			);
			runOnlyForDeploymentPostprocessing = 0;
		};
/* End PBXSourcesBuildPhase section */

/* Begin PBXTargetDependency section */
		D43D3E04221FCD4000F8C718 /* PBXTargetDependency */ = {
			isa = PBXTargetDependency;
			target = D43D3DED221FCD3F00F8C718 /* Movies */;
			targetProxy = D43D3E03221FCD4000F8C718 /* PBXContainerItemProxy */;
		};
		D43D3E0F221FCD4000F8C718 /* PBXTargetDependency */ = {
			isa = PBXTargetDependency;
			target = D43D3DED221FCD3F00F8C718 /* Movies */;
			targetProxy = D43D3E0E221FCD4000F8C718 /* PBXContainerItemProxy */;
		};
/* End PBXTargetDependency section */

/* Begin PBXVariantGroup section */
		D43D3DF5221FCD3F00F8C718 /* Main.storyboard */ = {
			isa = PBXVariantGroup;
			children = (
				D43D3DF6221FCD3F00F8C718 /* Base */,
			);
			name = Main.storyboard;
			sourceTree = "<group>";
		};
		D43D3DFA221FCD4000F8C718 /* LaunchScreen.storyboard */ = {
			isa = PBXVariantGroup;
			children = (
				D43D3DFB221FCD4000F8C718 /* Base */,
			);
			name = LaunchScreen.storyboard;
			sourceTree = "<group>";
		};
/* End PBXVariantGroup section */

/* Begin XCBuildConfiguration section */
		D43D3E14221FCD4000F8C718 /* Debug */ = {
			isa = XCBuildConfiguration;
			buildSettings = {
				ALWAYS_SEARCH_USER_PATHS = NO;
				CLANG_ANALYZER_NONNULL = YES;
				CLANG_ANALYZER_NUMBER_OBJECT_CONVERSION = YES_AGGRESSIVE;
				CLANG_CXX_LANGUAGE_STANDARD = "gnu++14";
				CLANG_CXX_LIBRARY = "libc++";
				CLANG_ENABLE_MODULES = YES;
				CLANG_ENABLE_OBJC_ARC = YES;
				CLANG_ENABLE_OBJC_WEAK = YES;
				CLANG_WARN_BLOCK_CAPTURE_AUTORELEASING = YES;
				CLANG_WARN_BOOL_CONVERSION = YES;
				CLANG_WARN_COMMA = YES;
				CLANG_WARN_CONSTANT_CONVERSION = YES;
				CLANG_WARN_DEPRECATED_OBJC_IMPLEMENTATIONS = YES;
				CLANG_WARN_DIRECT_OBJC_ISA_USAGE = YES_ERROR;
				CLANG_WARN_DOCUMENTATION_COMMENTS = YES;
				CLANG_WARN_EMPTY_BODY = YES;
				CLANG_WARN_ENUM_CONVERSION = YES;
				CLANG_WARN_INFINITE_RECURSION = YES;
				CLANG_WARN_INT_CONVERSION = YES;
				CLANG_WARN_NON_LITERAL_NULL_CONVERSION = YES;
				CLANG_WARN_OBJC_IMPLICIT_RETAIN_SELF = YES;
				CLANG_WARN_OBJC_LITERAL_CONVERSION = YES;
				CLANG_WARN_OBJC_ROOT_CLASS = YES_ERROR;
				CLANG_WARN_RANGE_LOOP_ANALYSIS = YES;
				CLANG_WARN_STRICT_PROTOTYPES = YES;
				CLANG_WARN_SUSPICIOUS_MOVE = YES;
				CLANG_WARN_UNGUARDED_AVAILABILITY = YES_AGGRESSIVE;
				CLANG_WARN_UNREACHABLE_CODE = YES;
				CLANG_WARN__DUPLICATE_METHOD_MATCH = YES;
				CODE_SIGN_IDENTITY = "iPhone Developer";
				COPY_PHASE_STRIP = NO;
				DEBUG_INFORMATION_FORMAT = dwarf;
				ENABLE_STRICT_OBJC_MSGSEND = YES;
				ENABLE_TESTABILITY = YES;
				GCC_C_LANGUAGE_STANDARD = gnu11;
				GCC_DYNAMIC_NO_PIC = NO;
				GCC_NO_COMMON_BLOCKS = YES;
				GCC_OPTIMIZATION_LEVEL = 0;
				GCC_PREPROCESSOR_DEFINITIONS = (
					"DEBUG=1",
					"$(inherited)",
				);
				GCC_WARN_64_TO_32_BIT_CONVERSION = YES;
				GCC_WARN_ABOUT_RETURN_TYPE = YES_ERROR;
				GCC_WARN_UNDECLARED_SELECTOR = YES;
				GCC_WARN_UNINITIALIZED_AUTOS = YES_AGGRESSIVE;
				GCC_WARN_UNUSED_FUNCTION = YES;
				GCC_WARN_UNUSED_VARIABLE = YES;
				IPHONEOS_DEPLOYMENT_TARGET = 12.1;
				MTL_ENABLE_DEBUG_INFO = INCLUDE_SOURCE;
				MTL_FAST_MATH = YES;
				ONLY_ACTIVE_ARCH = YES;
				SDKROOT = iphoneos;
				SWIFT_ACTIVE_COMPILATION_CONDITIONS = DEBUG;
				SWIFT_OPTIMIZATION_LEVEL = "-Onone";
			};
			name = Debug;
		};
		D43D3E15221FCD4000F8C718 /* Release */ = {
			isa = XCBuildConfiguration;
			buildSettings = {
				ALWAYS_SEARCH_USER_PATHS = NO;
				CLANG_ANALYZER_NONNULL = YES;
				CLANG_ANALYZER_NUMBER_OBJECT_CONVERSION = YES_AGGRESSIVE;
				CLANG_CXX_LANGUAGE_STANDARD = "gnu++14";
				CLANG_CXX_LIBRARY = "libc++";
				CLANG_ENABLE_MODULES = YES;
				CLANG_ENABLE_OBJC_ARC = YES;
				CLANG_ENABLE_OBJC_WEAK = YES;
				CLANG_WARN_BLOCK_CAPTURE_AUTORELEASING = YES;
				CLANG_WARN_BOOL_CONVERSION = YES;
				CLANG_WARN_COMMA = YES;
				CLANG_WARN_CONSTANT_CONVERSION = YES;
				CLANG_WARN_DEPRECATED_OBJC_IMPLEMENTATIONS = YES;
				CLANG_WARN_DIRECT_OBJC_ISA_USAGE = YES_ERROR;
				CLANG_WARN_DOCUMENTATION_COMMENTS = YES;
				CLANG_WARN_EMPTY_BODY = YES;
				CLANG_WARN_ENUM_CONVERSION = YES;
				CLANG_WARN_INFINITE_RECURSION = YES;
				CLANG_WARN_INT_CONVERSION = YES;
				CLANG_WARN_NON_LITERAL_NULL_CONVERSION = YES;
				CLANG_WARN_OBJC_IMPLICIT_RETAIN_SELF = YES;
				CLANG_WARN_OBJC_LITERAL_CONVERSION = YES;
				CLANG_WARN_OBJC_ROOT_CLASS = YES_ERROR;
				CLANG_WARN_RANGE_LOOP_ANALYSIS = YES;
				CLANG_WARN_STRICT_PROTOTYPES = YES;
				CLANG_WARN_SUSPICIOUS_MOVE = YES;
				CLANG_WARN_UNGUARDED_AVAILABILITY = YES_AGGRESSIVE;
				CLANG_WARN_UNREACHABLE_CODE = YES;
				CLANG_WARN__DUPLICATE_METHOD_MATCH = YES;
				CODE_SIGN_IDENTITY = "iPhone Developer";
				COPY_PHASE_STRIP = NO;
				DEBUG_INFORMATION_FORMAT = "dwarf-with-dsym";
				ENABLE_NS_ASSERTIONS = NO;
				ENABLE_STRICT_OBJC_MSGSEND = YES;
				GCC_C_LANGUAGE_STANDARD = gnu11;
				GCC_NO_COMMON_BLOCKS = YES;
				GCC_WARN_64_TO_32_BIT_CONVERSION = YES;
				GCC_WARN_ABOUT_RETURN_TYPE = YES_ERROR;
				GCC_WARN_UNDECLARED_SELECTOR = YES;
				GCC_WARN_UNINITIALIZED_AUTOS = YES_AGGRESSIVE;
				GCC_WARN_UNUSED_FUNCTION = YES;
				GCC_WARN_UNUSED_VARIABLE = YES;
				IPHONEOS_DEPLOYMENT_TARGET = 12.1;
				MTL_ENABLE_DEBUG_INFO = NO;
				MTL_FAST_MATH = YES;
				SDKROOT = iphoneos;
				SWIFT_COMPILATION_MODE = wholemodule;
				SWIFT_OPTIMIZATION_LEVEL = "-O";
				VALIDATE_PRODUCT = YES;
			};
			name = Release;
		};
		D43D3E17221FCD4000F8C718 /* Debug */ = {
			isa = XCBuildConfiguration;
			buildSettings = {
				ASSETCATALOG_COMPILER_APPICON_NAME = AppIcon;
				CODE_SIGN_STYLE = Automatic;
				INFOPLIST_FILE = Movies/Info.plist;
				LD_RUNPATH_SEARCH_PATHS = (
					"$(inherited)",
					"@executable_path/Frameworks",
				);
				PRODUCT_BUNDLE_IDENTIFIER = sh.Movies;
				PRODUCT_NAME = "$(TARGET_NAME)";
				SWIFT_VERSION = 4.2;
				TARGETED_DEVICE_FAMILY = "1,2";
			};
			name = Debug;
		};
		D43D3E18221FCD4000F8C718 /* Release */ = {
			isa = XCBuildConfiguration;
			buildSettings = {
				ASSETCATALOG_COMPILER_APPICON_NAME = AppIcon;
				CODE_SIGN_STYLE = Automatic;
				INFOPLIST_FILE = Movies/Info.plist;
				LD_RUNPATH_SEARCH_PATHS = (
					"$(inherited)",
					"@executable_path/Frameworks",
				);
				PRODUCT_BUNDLE_IDENTIFIER = sh.Movies;
				PRODUCT_NAME = "$(TARGET_NAME)";
				SWIFT_VERSION = 4.2;
				TARGETED_DEVICE_FAMILY = "1,2";
			};
			name = Release;
		};
		D43D3E1A221FCD4000F8C718 /* Debug */ = {
			isa = XCBuildConfiguration;
			buildSettings = {
				ALWAYS_EMBED_SWIFT_STANDARD_LIBRARIES = YES;
				BUNDLE_LOADER = "$(TEST_HOST)";
				CODE_SIGN_STYLE = Automatic;
				INFOPLIST_FILE = MoviesTests/Info.plist;
				LD_RUNPATH_SEARCH_PATHS = (
					"$(inherited)",
					"@executable_path/Frameworks",
					"@loader_path/Frameworks",
				);
				PRODUCT_BUNDLE_IDENTIFIER = sh.MoviesTests;
				PRODUCT_NAME = "$(TARGET_NAME)";
				SWIFT_VERSION = 4.2;
				TARGETED_DEVICE_FAMILY = "1,2";
				TEST_HOST = "$(BUILT_PRODUCTS_DIR)/Movies.app/Movies";
			};
			name = Debug;
		};
		D43D3E1B221FCD4000F8C718 /* Release */ = {
			isa = XCBuildConfiguration;
			buildSettings = {
				ALWAYS_EMBED_SWIFT_STANDARD_LIBRARIES = YES;
				BUNDLE_LOADER = "$(TEST_HOST)";
				CODE_SIGN_STYLE = Automatic;
				INFOPLIST_FILE = MoviesTests/Info.plist;
				LD_RUNPATH_SEARCH_PATHS = (
					"$(inherited)",
					"@executable_path/Frameworks",
					"@loader_path/Frameworks",
				);
				PRODUCT_BUNDLE_IDENTIFIER = sh.MoviesTests;
				PRODUCT_NAME = "$(TARGET_NAME)";
				SWIFT_VERSION = 4.2;
				TARGETED_DEVICE_FAMILY = "1,2";
				TEST_HOST = "$(BUILT_PRODUCTS_DIR)/Movies.app/Movies";
			};
			name = Release;
		};
		D43D3E1D221FCD4000F8C718 /* Debug */ = {
			isa = XCBuildConfiguration;
			buildSettings = {
				ALWAYS_EMBED_SWIFT_STANDARD_LIBRARIES = YES;
				CODE_SIGN_STYLE = Automatic;
				INFOPLIST_FILE = MoviesUITests/Info.plist;
				LD_RUNPATH_SEARCH_PATHS = (
					"$(inherited)",
					"@executable_path/Frameworks",
					"@loader_path/Frameworks",
				);
				PRODUCT_BUNDLE_IDENTIFIER = sh.MoviesUITests;
				PRODUCT_NAME = "$(TARGET_NAME)";
				SWIFT_VERSION = 4.2;
				TARGETED_DEVICE_FAMILY = "1,2";
				TEST_TARGET_NAME = Movies;
			};
			name = Debug;
		};
		D43D3E1E221FCD4000F8C718 /* Release */ = {
			isa = XCBuildConfiguration;
			buildSettings = {
				ALWAYS_EMBED_SWIFT_STANDARD_LIBRARIES = YES;
				CODE_SIGN_STYLE = Automatic;
				INFOPLIST_FILE = MoviesUITests/Info.plist;
				LD_RUNPATH_SEARCH_PATHS = (
					"$(inherited)",
					"@executable_path/Frameworks",
					"@loader_path/Frameworks",
				);
				PRODUCT_BUNDLE_IDENTIFIER = sh.MoviesUITests;
				PRODUCT_NAME = "$(TARGET_NAME)";
				SWIFT_VERSION = 4.2;
				TARGETED_DEVICE_FAMILY = "1,2";
				TEST_TARGET_NAME = Movies;
			};
			name = Release;
		};
/* End XCBuildConfiguration section */

/* Begin XCConfigurationList section */
		D43D3DE9221FCD3F00F8C718 /* Build configuration list for PBXProject "Movies" */ = {
			isa = XCConfigurationList;
			buildConfigurations = (
				D43D3E14221FCD4000F8C718 /* Debug */,
				D43D3E15221FCD4000F8C718 /* Release */,
			);
			defaultConfigurationIsVisible = 0;
			defaultConfigurationName = Release;
		};
		D43D3E16221FCD4000F8C718 /* Build configuration list for PBXNativeTarget "Movies" */ = {
			isa = XCConfigurationList;
			buildConfigurations = (
				D43D3E17221FCD4000F8C718 /* Debug */,
				D43D3E18221FCD4000F8C718 /* Release */,
			);
			defaultConfigurationIsVisible = 0;
			defaultConfigurationName = Release;
		};
		D43D3E19221FCD4000F8C718 /* Build configuration list for PBXNativeTarget "MoviesTests" */ = {
			isa = XCConfigurationList;
			buildConfigurations = (
				D43D3E1A221FCD4000F8C718 /* Debug */,
				D43D3E1B221FCD4000F8C718 /* Release */,
			);
			defaultConfigurationIsVisible = 0;
			defaultConfigurationName = Release;
		};
		D43D3E1C221FCD4000F8C718 /* Build configuration list for PBXNativeTarget "MoviesUITests" */ = {
			isa = XCConfigurationList;
			buildConfigurations = (
				D43D3E1D221FCD4000F8C718 /* Debug */,
				D43D3E1E221FCD4000F8C718 /* Release */,
			);
			defaultConfigurationIsVisible = 0;
			defaultConfigurationName = Release;
		};
/* End XCConfigurationList section */
	};
	rootObject = D43D3DE6221FCD3F00F8C718 /* Project object */;
}
